
Microsoft Visual Studio Solution File, Format Version 12.00
# Visual Studio 2013
VisualStudioVersion = 12.0.21005.1
MinimumVisualStudioVersion = 10.0.40219.1
Project("{FAE04EC0-301F-11D3-BF4B-00C04F79EFBC}") = "Serilog.Sinks.WebRequest", "src\Serilog.Sinks.WebRequest.csproj", "{A5E16000-4A1C-44E9-95B4-3D1E6B925FD9}"
EndProject
Project("{FAE04EC0-301F-11D3-BF4B-00C04F79EFBC}") = "Serilog.Sinks.WebRequest.Tests", "test\Serilog.Sinks.WebRequest.Tests.csproj", "{5E80F4BD-4A89-4730-859B-7363B5E992EE}"
EndProject
Global
	GlobalSection(SolutionConfigurationPlatforms) = preSolution
		Debug|Any CPU = Debug|Any CPU
		Release|Any CPU = Release|Any CPU
	EndGlobalSection
	GlobalSection(ProjectConfigurationPlatforms) = postSolution
		{A5E16000-4A1C-44E9-95B4-3D1E6B925FD9}.Debug|Any CPU.ActiveCfg = Debug|Any CPU
		{A5E16000-4A1C-44E9-95B4-3D1E6B925FD9}.Debug|Any CPU.Build.0 = Debug|Any CPU
		{A5E16000-4A1C-44E9-95B4-3D1E6B925FD9}.Release|Any CPU.ActiveCfg = Release|Any CPU
		{A5E16000-4A1C-44E9-95B4-3D1E6B925FD9}.Release|Any CPU.Build.0 = Release|Any CPU
		{5E80F4BD-4A89-4730-859B-7363B5E992EE}.Debug|Any CPU.ActiveCfg = Debug|Any CPU
		{5E80F4BD-4A89-4730-859B-7363B5E992EE}.Debug|Any CPU.Build.0 = Debug|Any CPU
		{5E80F4BD-4A89-4730-859B-7363B5E992EE}.Release|Any CPU.ActiveCfg = Release|Any CPU
		{5E80F4BD-4A89-4730-859B-7363B5E992EE}.Release|Any CPU.Build.0 = Release|Any CPU
	EndGlobalSection
	GlobalSection(SolutionProperties) = preSolution
		HideSolutionNode = FALSE
	EndGlobalSection
EndGlobal
